<?xml version="1.0" encoding="utf-8"?>
<Project ToolsVersion="4.0" xmlns="http://schemas.microsoft.com/developer/msbuild/2003">
  <ItemGroup>
    <Filter Include="%24include-sources">
      <UniqueIdentifier>{893a8506-7b7f-4ff3-a03c-a40cfb0ad583}</UniqueIdentifier>
    </Filter>
    <Filter Include="shader">
      <UniqueIdentifier>{3f9ee48f-b764-4de7-b05f-6c065952e1e2}</UniqueIdentifier>
    </Filter>
    <Filter Include="window">
      <UniqueIdentifier>{8ab063b8-fb86-4522-bc6c-c42d85a988dc}</UniqueIdentifier>
    </Filter>
  </ItemGroup>
  <ItemGroup>
    <ClCompile Include="C:\libraries\GL\glad\src\glad.c">
      <Filter>%24include-sources</Filter>
    </ClCompile>
    <ClCompile Include="src\shader\Shader.cpp">
      <Filter>shader</Filter>
    </ClCompile>
    <ClCompile Include="src\window\Window.cpp">
      <Filter>window</Filter>
    </ClCompile>
    <ClCompile Include="src\Main.cpp" />
  </ItemGroup>
  <ItemGroup>
    <None Include="src\shader\mandelbrot_shader.vs">
      <Filter>shader</Filter>
    </None>
    <None Include="src\shader\mandelbrot_shader.fs">
      <Filter>shader</Filter>
    </None>
    <None Include=".gitattributes" />
    <None Include="README.md" />
  </ItemGroup>
  <ItemGroup>
    <ClInclude Include="src\shader\Shader.h">
      <Filter>shader</Filter>
    </ClInclude>
    <ClInclude Include="src\window\Window.h">
      <Filter>window</Filter>
    </ClInclude>
  </ItemGroup>
</Project>